# THIS IS AN AUTOGENERATED FILE. DO NOT EDIT THIS FILE DIRECTLY.
# yarn lockfile v1


apollo-cache-control@^0.0.x:
  version "0.0.9"
  resolved "https://registry.yarnpkg.com/apollo-cache-control/-/apollo-cache-control-0.0.9.tgz#77100f456fb19526d33b7f595c8ab1a2980dcbb4"
  dependencies:
    graphql-extensions "^0.0.x"

apollo-server-core@^1.3.2:
  version "1.3.2"
  resolved "https://registry.yarnpkg.com/apollo-server-core/-/apollo-server-core-1.3.2.tgz#f36855a3ebdc2d77b8b9c454380bf1d706105ffc"
  dependencies:
    apollo-cache-control "^0.0.x"
    apollo-tracing "^0.1.0"
    graphql-extensions "^0.0.x"

apollo-server-express@^1.3.2:
  version "1.3.2"
  resolved "https://registry.yarnpkg.com/apollo-server-express/-/apollo-server-express-1.3.2.tgz#0ff8201c0bf362804a151e1399767dae6ab7e309"
  dependencies:
    apollo-server-core "^1.3.2"
    apollo-server-module-graphiql "^1.3.0"

apollo-server-module-graphiql@^1.3.0:
  version "1.3.2"
  resolved "https://registry.yarnpkg.com/apollo-server-module-graphiql/-/apollo-server-module-graphiql-1.3.2.tgz#0a9e4c48dece3af904fee333f95f7b9817335ca7"

apollo-tracing@^0.1.0:
  version "0.1.3"
  resolved "https://registry.yarnpkg.com/apollo-tracing/-/apollo-tracing-0.1.3.tgz#6820c066bf20f9d9a4eddfc023f7c83ee2601f0b"
  dependencies:
    graphql-extensions "^0.0.x"

core-js@^2.5.3:
  version "2.5.3"
  resolved "https://registry.yarnpkg.com/core-js/-/core-js-2.5.3.tgz#8acc38345824f16d8365b7c9b4259168e8ed603e"

graphql-extensions@^0.0.x:
  version "0.0.8"
  resolved "https://registry.yarnpkg.com/graphql-extensions/-/graphql-extensions-0.0.8.tgz#d14d6e06db466a7f90fb97d75b657ae730278b09"
  dependencies:
    core-js "^2.5.3"
    source-map-support "^0.5.1"

source-map-support@^0.5.1:
  version "0.5.3"
  resolved "https://registry.yarnpkg.com/source-map-support/-/source-map-support-0.5.3.tgz#2b3d5fff298cfa4d1afd7d4352d569e9a0158e76"
  dependencies:
    source-map "^0.6.0"

source-map@^0.6.0:
  version "0.6.1"
  resolved "https://registry.yarnpkg.com/source-map/-/source-map-0.6.1.tgz#74722af32e9614e9c287a8d0bbde48b5e2f1a263"
